
Microsoft Visual Studio Solution File, Format Version 12.00
# Visual Studio Version 16
VisualStudioVersion = 16.0.29001.49
MinimumVisualStudioVersion = 10.0.40219.1
Project("{FAE04EC0-301F-11D3-BF4B-00C04F79EFBC}") = "Volumes", "Volumes\Volumes.csproj", "{AD8D71CA-0040-4614-A7CF-65F3F3BB81A0}"
EndProject
Global
	GlobalSection(SolutionConfigurationPlatforms) = preSolution
		Debug|Any CPU = Debug|Any CPU
		Release|Any CPU = Release|Any CPU
	EndGlobalSection
	GlobalSection(ProjectConfigurationPlatforms) = postSolution
		{AD8D71CA-0040-4614-A7CF-65F3F3BB81A0}.Debug|Any CPU.ActiveCfg = Debug|Any CPU
		{AD8D71CA-0040-4614-A7CF-65F3F3BB81A0}.Debug|Any CPU.Build.0 = Debug|Any CPU
		{AD8D71CA-0040-4614-A7CF-65F3F3BB81A0}.Release|Any CPU.ActiveCfg = Release|Any CPU
		{AD8D71CA-0040-4614-A7CF-65F3F3BB81A0}.Release|Any CPU.Build.0 = Release|Any CPU
	EndGlobalSection
	GlobalSection(SolutionProperties) = preSolution
		HideSolutionNode = FALSE
	EndGlobalSection
	GlobalSection(ExtensibilityGlobals) = postSolution
		SolutionGuid = {D134F06D-51EA-4C46-8997-93B9914FD52F}
	EndGlobalSection
EndGlobal
